
Microsoft Visual Studio Solution File, Format Version 12.00
# Visual Studio Version 17
VisualStudioVersion = 17.12.35323.107
MinimumVisualStudioVersion = 10.0.40219.1
Project("{FAE04EC0-301F-11D3-BF4B-00C04F79EFBC}") = "ChangeSignature", "Signature1\ChangeSignature.csproj", "{2F48A045-02EC-405E-9D54-E081D4AA7C8F}"
EndProject
Project("{FAE04EC0-301F-11D3-BF4B-00C04F79EFBC}") = "Generic", "..\Generic\Generic.csproj", "{E1E22B11-DD9B-450A-8086-ADB727AE8AFF}"
EndProject
Project("{FAE04EC0-301F-11D3-BF4B-00C04F79EFBC}") = "Library", "..\Book\Library.csproj", "{6E008A63-5DE5-4DB3-B806-4A37208FBB9A}"
EndProject
Project("{FAE04EC0-301F-11D3-BF4B-00C04F79EFBC}") = "DictDay16", "..\DictDay16\DictDay16.csproj", "{671D95F6-4982-4E9C-8A3A-B0416C66BE19}"
EndProject
Project("{FAE04EC0-301F-11D3-BF4B-00C04F79EFBC}") = "ListDay16", "..\ListDay16\ListDay16.csproj", "{FD06907A-CD10-49B5-A610-54B792DA1A50}"
EndProject
Project("{FAE04EC0-301F-11D3-BF4B-00C04F79EFBC}") = "Shapes", "..\Shapes\Shapes.csproj", "{9622E453-EB98-4587-A4AA-53D2ABC4A4B7}"
EndProject
Project("{FAE04EC0-301F-11D3-BF4B-00C04F79EFBC}") = "ChatApplicatn", "..\ChatApplicatn\ChatApplicatn.csproj", "{0F4C71D7-F221-4998-B1F9-388F26DA85F1}"
EndProject
Project("{FAE04EC0-301F-11D3-BF4B-00C04F79EFBC}") = "TableQst", "..\TableQst\TableQst.csproj", "{8B154B78-2C90-47AD-9190-24ABF133A529}"
EndProject
Project("{FAE04EC0-301F-11D3-BF4B-00C04F79EFBC}") = "PhoneBook", "..\PhoneBook\PhoneBook.csproj", "{5DED1CA8-5180-43B3-AE4F-4ED2337A1399}"
EndProject
Global
	GlobalSection(SolutionConfigurationPlatforms) = preSolution
		Debug|Any CPU = Debug|Any CPU
		Release|Any CPU = Release|Any CPU
	EndGlobalSection
	GlobalSection(ProjectConfigurationPlatforms) = postSolution
		{2F48A045-02EC-405E-9D54-E081D4AA7C8F}.Debug|Any CPU.ActiveCfg = Debug|Any CPU
		{2F48A045-02EC-405E-9D54-E081D4AA7C8F}.Debug|Any CPU.Build.0 = Debug|Any CPU
		{2F48A045-02EC-405E-9D54-E081D4AA7C8F}.Release|Any CPU.ActiveCfg = Release|Any CPU
		{2F48A045-02EC-405E-9D54-E081D4AA7C8F}.Release|Any CPU.Build.0 = Release|Any CPU
		{E1E22B11-DD9B-450A-8086-ADB727AE8AFF}.Debug|Any CPU.ActiveCfg = Debug|Any CPU
		{E1E22B11-DD9B-450A-8086-ADB727AE8AFF}.Debug|Any CPU.Build.0 = Debug|Any CPU
		{E1E22B11-DD9B-450A-8086-ADB727AE8AFF}.Release|Any CPU.ActiveCfg = Release|Any CPU
		{E1E22B11-DD9B-450A-8086-ADB727AE8AFF}.Release|Any CPU.Build.0 = Release|Any CPU
		{6E008A63-5DE5-4DB3-B806-4A37208FBB9A}.Debug|Any CPU.ActiveCfg = Debug|Any CPU
		{6E008A63-5DE5-4DB3-B806-4A37208FBB9A}.Debug|Any CPU.Build.0 = Debug|Any CPU
		{6E008A63-5DE5-4DB3-B806-4A37208FBB9A}.Release|Any CPU.ActiveCfg = Release|Any CPU
		{6E008A63-5DE5-4DB3-B806-4A37208FBB9A}.Release|Any CPU.Build.0 = Release|Any CPU
		{671D95F6-4982-4E9C-8A3A-B0416C66BE19}.Debug|Any CPU.ActiveCfg = Debug|Any CPU
		{671D95F6-4982-4E9C-8A3A-B0416C66BE19}.Debug|Any CPU.Build.0 = Debug|Any CPU
		{671D95F6-4982-4E9C-8A3A-B0416C66BE19}.Release|Any CPU.ActiveCfg = Release|Any CPU
		{671D95F6-4982-4E9C-8A3A-B0416C66BE19}.Release|Any CPU.Build.0 = Release|Any CPU
		{FD06907A-CD10-49B5-A610-54B792DA1A50}.Debug|Any CPU.ActiveCfg = Debug|Any CPU
		{FD06907A-CD10-49B5-A610-54B792DA1A50}.Debug|Any CPU.Build.0 = Debug|Any CPU
		{FD06907A-CD10-49B5-A610-54B792DA1A50}.Release|Any CPU.ActiveCfg = Release|Any CPU
		{FD06907A-CD10-49B5-A610-54B792DA1A50}.Release|Any CPU.Build.0 = Release|Any CPU
		{9622E453-EB98-4587-A4AA-53D2ABC4A4B7}.Debug|Any CPU.ActiveCfg = Debug|Any CPU
		{9622E453-EB98-4587-A4AA-53D2ABC4A4B7}.Debug|Any CPU.Build.0 = Debug|Any CPU
		{9622E453-EB98-4587-A4AA-53D2ABC4A4B7}.Release|Any CPU.ActiveCfg = Release|Any CPU
		{9622E453-EB98-4587-A4AA-53D2ABC4A4B7}.Release|Any CPU.Build.0 = Release|Any CPU
		{0F4C71D7-F221-4998-B1F9-388F26DA85F1}.Debug|Any CPU.ActiveCfg = Debug|Any CPU
		{0F4C71D7-F221-4998-B1F9-388F26DA85F1}.Debug|Any CPU.Build.0 = Debug|Any CPU
		{0F4C71D7-F221-4998-B1F9-388F26DA85F1}.Release|Any CPU.ActiveCfg = Release|Any CPU
		{0F4C71D7-F221-4998-B1F9-388F26DA85F1}.Release|Any CPU.Build.0 = Release|Any CPU
		{8B154B78-2C90-47AD-9190-24ABF133A529}.Debug|Any CPU.ActiveCfg = Debug|Any CPU
		{8B154B78-2C90-47AD-9190-24ABF133A529}.Debug|Any CPU.Build.0 = Debug|Any CPU
		{8B154B78-2C90-47AD-9190-24ABF133A529}.Release|Any CPU.ActiveCfg = Release|Any CPU
		{8B154B78-2C90-47AD-9190-24ABF133A529}.Release|Any CPU.Build.0 = Release|Any CPU
		{5DED1CA8-5180-43B3-AE4F-4ED2337A1399}.Debug|Any CPU.ActiveCfg = Debug|Any CPU
		{5DED1CA8-5180-43B3-AE4F-4ED2337A1399}.Debug|Any CPU.Build.0 = Debug|Any CPU
		{5DED1CA8-5180-43B3-AE4F-4ED2337A1399}.Release|Any CPU.ActiveCfg = Release|Any CPU
		{5DED1CA8-5180-43B3-AE4F-4ED2337A1399}.Release|Any CPU.Build.0 = Release|Any CPU
	EndGlobalSection
	GlobalSection(SolutionProperties) = preSolution
		HideSolutionNode = FALSE
	EndGlobalSection
	GlobalSection(ExtensibilityGlobals) = postSolution
		SolutionGuid = {0AEC730D-8888-471F-9420-494B5956196F}
	EndGlobalSection
EndGlobal
