
Microsoft Visual Studio Solution File, Format Version 12.00
# Visual Studio Version 17
VisualStudioVersion = 17.12.35323.107
MinimumVisualStudioVersion = 10.0.40219.1
Project("{FAE04EC0-301F-11D3-BF4B-00C04F79EFBC}") = "UniqueWordAndCount_Duplicates", "UniqueWordAndCount_Duplicates.csproj", "{EFF6CB95-6A03-48FF-AE82-D6076435FA98}"
EndProject
Global
	GlobalSection(SolutionConfigurationPlatforms) = preSolution
		Debug|Any CPU = Debug|Any CPU
		Release|Any CPU = Release|Any CPU
	EndGlobalSection
	GlobalSection(ProjectConfigurationPlatforms) = postSolution
		{EFF6CB95-6A03-48FF-AE82-D6076435FA98}.Debug|Any CPU.ActiveCfg = Debug|Any CPU
		{EFF6CB95-6A03-48FF-AE82-D6076435FA98}.Debug|Any CPU.Build.0 = Debug|Any CPU
		{EFF6CB95-6A03-48FF-AE82-D6076435FA98}.Release|Any CPU.ActiveCfg = Release|Any CPU
		{EFF6CB95-6A03-48FF-AE82-D6076435FA98}.Release|Any CPU.Build.0 = Release|Any CPU
	EndGlobalSection
	GlobalSection(SolutionProperties) = preSolution
		HideSolutionNode = FALSE
	EndGlobalSection
	GlobalSection(ExtensibilityGlobals) = postSolution
		SolutionGuid = {98A5510E-5046-40FD-ACC7-1EE104356558}
	EndGlobalSection
EndGlobal
