
Microsoft Visual Studio Solution File, Format Version 12.00
# Visual Studio Version 17
VisualStudioVersion = 17.12.35323.107
MinimumVisualStudioVersion = 10.0.40219.1
Project("{FAE04EC0-301F-11D3-BF4B-00C04F79EFBC}") = "EchoUsingServerBuilder", "EchoUsingServerBuilder\EchoUsingServerBuilder.csproj", "{337E2458-A331-4CAF-BCDC-68E6EF61B632}"
EndProject
Project("{FAE04EC0-301F-11D3-BF4B-00C04F79EFBC}") = "EchoUsingClientBuilder", "..\EchoUsingClientBuilder\EchoUsingClientBuilder.csproj", "{71FAAAE8-46E2-4AB5-9057-CF208B71B4FC}"
EndProject
Project("{2150E333-8FDC-42A3-9474-1A3956D46DE8}") = "EchoUsingBuilder", "EchoUsingBuilder", "{D1982BAC-D684-4674-9915-81C4B71D921F}"
EndProject
Global
	GlobalSection(SolutionConfigurationPlatforms) = preSolution
		Debug|Any CPU = Debug|Any CPU
		Release|Any CPU = Release|Any CPU
	EndGlobalSection
	GlobalSection(ProjectConfigurationPlatforms) = postSolution
		{337E2458-A331-4CAF-BCDC-68E6EF61B632}.Debug|Any CPU.ActiveCfg = Debug|Any CPU
		{337E2458-A331-4CAF-BCDC-68E6EF61B632}.Debug|Any CPU.Build.0 = Debug|Any CPU
		{337E2458-A331-4CAF-BCDC-68E6EF61B632}.Release|Any CPU.ActiveCfg = Release|Any CPU
		{337E2458-A331-4CAF-BCDC-68E6EF61B632}.Release|Any CPU.Build.0 = Release|Any CPU
		{71FAAAE8-46E2-4AB5-9057-CF208B71B4FC}.Debug|Any CPU.ActiveCfg = Debug|Any CPU
		{71FAAAE8-46E2-4AB5-9057-CF208B71B4FC}.Debug|Any CPU.Build.0 = Debug|Any CPU
		{71FAAAE8-46E2-4AB5-9057-CF208B71B4FC}.Release|Any CPU.ActiveCfg = Release|Any CPU
		{71FAAAE8-46E2-4AB5-9057-CF208B71B4FC}.Release|Any CPU.Build.0 = Release|Any CPU
	EndGlobalSection
	GlobalSection(SolutionProperties) = preSolution
		HideSolutionNode = FALSE
	EndGlobalSection
	GlobalSection(NestedProjects) = preSolution
		{337E2458-A331-4CAF-BCDC-68E6EF61B632} = {D1982BAC-D684-4674-9915-81C4B71D921F}
		{71FAAAE8-46E2-4AB5-9057-CF208B71B4FC} = {D1982BAC-D684-4674-9915-81C4B71D921F}
	EndGlobalSection
	GlobalSection(ExtensibilityGlobals) = postSolution
		SolutionGuid = {720187F0-2938-47B9-A20B-6A0540006BB8}
	EndGlobalSection
EndGlobal
