
Microsoft Visual Studio Solution File, Format Version 12.00
# Visual Studio Version 17
VisualStudioVersion = 17.12.35323.107
MinimumVisualStudioVersion = 10.0.40219.1
Project("{FAE04EC0-301F-11D3-BF4B-00C04F79EFBC}") = "Csv", "Csv\Csv.csproj", "{98BE5F5A-8874-4FB0-AB2C-781F519251E0}"
EndProject
Project("{FAE04EC0-301F-11D3-BF4B-00C04F79EFBC}") = "ManuallyParsing", "ManuallyParsing\ManuallyParsing.csproj", "{BF6F8578-F47C-4E0F-8BBF-C749A92732F4}"
EndProject
Global
	GlobalSection(SolutionConfigurationPlatforms) = preSolution
		Debug|Any CPU = Debug|Any CPU
		Release|Any CPU = Release|Any CPU
	EndGlobalSection
	GlobalSection(ProjectConfigurationPlatforms) = postSolution
		{98BE5F5A-8874-4FB0-AB2C-781F519251E0}.Debug|Any CPU.ActiveCfg = Debug|Any CPU
		{98BE5F5A-8874-4FB0-AB2C-781F519251E0}.Debug|Any CPU.Build.0 = Debug|Any CPU
		{98BE5F5A-8874-4FB0-AB2C-781F519251E0}.Release|Any CPU.ActiveCfg = Release|Any CPU
		{98BE5F5A-8874-4FB0-AB2C-781F519251E0}.Release|Any CPU.Build.0 = Release|Any CPU
		{BF6F8578-F47C-4E0F-8BBF-C749A92732F4}.Debug|Any CPU.ActiveCfg = Debug|Any CPU
		{BF6F8578-F47C-4E0F-8BBF-C749A92732F4}.Debug|Any CPU.Build.0 = Debug|Any CPU
		{BF6F8578-F47C-4E0F-8BBF-C749A92732F4}.Release|Any CPU.ActiveCfg = Release|Any CPU
		{BF6F8578-F47C-4E0F-8BBF-C749A92732F4}.Release|Any CPU.Build.0 = Release|Any CPU
	EndGlobalSection
	GlobalSection(SolutionProperties) = preSolution
		HideSolutionNode = FALSE
	EndGlobalSection
	GlobalSection(ExtensibilityGlobals) = postSolution
		SolutionGuid = {AAF25C56-79B8-4202-9F9D-7A2A9756C5E9}
	EndGlobalSection
EndGlobal
