
Microsoft Visual Studio Solution File, Format Version 12.00
# Visual Studio Version 17
VisualStudioVersion = 17.12.35323.107
MinimumVisualStudioVersion = 10.0.40219.1
Project("{FAE04EC0-301F-11D3-BF4B-00C04F79EFBC}") = "StudentsArray", "StudentsArray\StudentsArray.csproj", "{D69AC452-5273-4A8E-847A-BBBC9AF97280}"
EndProject
Global
	GlobalSection(SolutionConfigurationPlatforms) = preSolution
		Debug|Any CPU = Debug|Any CPU
		Release|Any CPU = Release|Any CPU
	EndGlobalSection
	GlobalSection(ProjectConfigurationPlatforms) = postSolution
		{D69AC452-5273-4A8E-847A-BBBC9AF97280}.Debug|Any CPU.ActiveCfg = Debug|Any CPU
		{D69AC452-5273-4A8E-847A-BBBC9AF97280}.Debug|Any CPU.Build.0 = Debug|Any CPU
		{D69AC452-5273-4A8E-847A-BBBC9AF97280}.Release|Any CPU.ActiveCfg = Release|Any CPU
		{D69AC452-5273-4A8E-847A-BBBC9AF97280}.Release|Any CPU.Build.0 = Release|Any CPU
	EndGlobalSection
	GlobalSection(SolutionProperties) = preSolution
		HideSolutionNode = FALSE
	EndGlobalSection
	GlobalSection(ExtensibilityGlobals) = postSolution
		SolutionGuid = {74AA573F-734C-4814-B52E-783F3B2A11C7}
	EndGlobalSection
EndGlobal
