
Microsoft Visual Studio Solution File, Format Version 12.00
# Visual Studio Version 17
VisualStudioVersion = 17.12.35323.107
MinimumVisualStudioVersion = 10.0.40219.1
Project("{FAE04EC0-301F-11D3-BF4B-00C04F79EFBC}") = "ClassBasic", "ClassBasic\ClassBasic.csproj", "{07ED8BF7-C80C-4918-8B4C-1A403F1F91B8}"
EndProject
Project("{FAE04EC0-301F-11D3-BF4B-00C04F79EFBC}") = "StudentMark", "..\employeeclass\StudentMark.csproj", "{9E8E905A-4D1C-41DD-96E5-C462DD077BEA}"
EndProject
Project("{FAE04EC0-301F-11D3-BF4B-00C04F79EFBC}") = "Smartphone", "..\Smartphone\Smartphone.csproj", "{34629BCA-8190-4570-8044-5CBC0B1B72C2}"
EndProject
Global
	GlobalSection(SolutionConfigurationPlatforms) = preSolution
		Debug|Any CPU = Debug|Any CPU
		Release|Any CPU = Release|Any CPU
	EndGlobalSection
	GlobalSection(ProjectConfigurationPlatforms) = postSolution
		{07ED8BF7-C80C-4918-8B4C-1A403F1F91B8}.Debug|Any CPU.ActiveCfg = Debug|Any CPU
		{07ED8BF7-C80C-4918-8B4C-1A403F1F91B8}.Debug|Any CPU.Build.0 = Debug|Any CPU
		{07ED8BF7-C80C-4918-8B4C-1A403F1F91B8}.Release|Any CPU.ActiveCfg = Release|Any CPU
		{07ED8BF7-C80C-4918-8B4C-1A403F1F91B8}.Release|Any CPU.Build.0 = Release|Any CPU
		{9E8E905A-4D1C-41DD-96E5-C462DD077BEA}.Debug|Any CPU.ActiveCfg = Debug|Any CPU
		{9E8E905A-4D1C-41DD-96E5-C462DD077BEA}.Debug|Any CPU.Build.0 = Debug|Any CPU
		{9E8E905A-4D1C-41DD-96E5-C462DD077BEA}.Release|Any CPU.ActiveCfg = Release|Any CPU
		{9E8E905A-4D1C-41DD-96E5-C462DD077BEA}.Release|Any CPU.Build.0 = Release|Any CPU
		{34629BCA-8190-4570-8044-5CBC0B1B72C2}.Debug|Any CPU.ActiveCfg = Debug|Any CPU
		{34629BCA-8190-4570-8044-5CBC0B1B72C2}.Debug|Any CPU.Build.0 = Debug|Any CPU
		{34629BCA-8190-4570-8044-5CBC0B1B72C2}.Release|Any CPU.ActiveCfg = Release|Any CPU
		{34629BCA-8190-4570-8044-5CBC0B1B72C2}.Release|Any CPU.Build.0 = Release|Any CPU
	EndGlobalSection
	GlobalSection(SolutionProperties) = preSolution
		HideSolutionNode = FALSE
	EndGlobalSection
	GlobalSection(ExtensibilityGlobals) = postSolution
		SolutionGuid = {9313CE33-A6B3-4E1F-B4EE-E32D8A284849}
	EndGlobalSection
EndGlobal
