
Microsoft Visual Studio Solution File, Format Version 12.00
# Visual Studio Version 17
VisualStudioVersion = 17.12.35323.107
MinimumVisualStudioVersion = 10.0.40219.1
Project("{FAE04EC0-301F-11D3-BF4B-00C04F79EFBC}") = "MyConsoleApp", "MyConsoleApp.csproj", "{FF7718AD-52EB-46B7-B2EF-EBF3FA136EA1}"
EndProject
Global
	GlobalSection(SolutionConfigurationPlatforms) = preSolution
		Debug|Any CPU = Debug|Any CPU
		Release|Any CPU = Release|Any CPU
	EndGlobalSection
	GlobalSection(ProjectConfigurationPlatforms) = postSolution
		{FF7718AD-52EB-46B7-B2EF-EBF3FA136EA1}.Debug|Any CPU.ActiveCfg = Debug|Any CPU
		{FF7718AD-52EB-46B7-B2EF-EBF3FA136EA1}.Debug|Any CPU.Build.0 = Debug|Any CPU
		{FF7718AD-52EB-46B7-B2EF-EBF3FA136EA1}.Release|Any CPU.ActiveCfg = Release|Any CPU
		{FF7718AD-52EB-46B7-B2EF-EBF3FA136EA1}.Release|Any CPU.Build.0 = Release|Any CPU
	EndGlobalSection
	GlobalSection(SolutionProperties) = preSolution
		HideSolutionNode = FALSE
	EndGlobalSection
	GlobalSection(ExtensibilityGlobals) = postSolution
		SolutionGuid = {BE2CDA09-3C68-4F22-A37A-560D20669109}
	EndGlobalSection
EndGlobal
