
Microsoft Visual Studio Solution File, Format Version 12.00
# Visual Studio Version 17
VisualStudioVersion = 17.12.35323.107
MinimumVisualStudioVersion = 10.0.40219.1
Project("{FAE04EC0-301F-11D3-BF4B-00C04F79EFBC}") = "Qst3", "Qst3\Qst3.csproj", "{B691F563-6227-4DEA-9669-3A3687BD6C9D}"
EndProject
Global
	GlobalSection(SolutionConfigurationPlatforms) = preSolution
		Debug|Any CPU = Debug|Any CPU
		Release|Any CPU = Release|Any CPU
	EndGlobalSection
	GlobalSection(ProjectConfigurationPlatforms) = postSolution
		{B691F563-6227-4DEA-9669-3A3687BD6C9D}.Debug|Any CPU.ActiveCfg = Debug|Any CPU
		{B691F563-6227-4DEA-9669-3A3687BD6C9D}.Debug|Any CPU.Build.0 = Debug|Any CPU
		{B691F563-6227-4DEA-9669-3A3687BD6C9D}.Release|Any CPU.ActiveCfg = Release|Any CPU
		{B691F563-6227-4DEA-9669-3A3687BD6C9D}.Release|Any CPU.Build.0 = Release|Any CPU
	EndGlobalSection
	GlobalSection(SolutionProperties) = preSolution
		HideSolutionNode = FALSE
	EndGlobalSection
	GlobalSection(ExtensibilityGlobals) = postSolution
		SolutionGuid = {426B41EA-C49B-4763-85C3-EDF0206DE529}
	EndGlobalSection
EndGlobal
